
Microsoft Visual Studio Solution File, Format Version 12.00
# Visual Studio Version 17
VisualStudioVersion = 17.1.32228.430
MinimumVisualStudioVersion = 10.0.40219.1
Project("{FAE04EC0-301F-11D3-BF4B-00C04F79EFBC}") = "AppCustoViagemFatec2022.Android", "AppCustoViagemFatec2022\AppCustoViagemFatec2022.Android\AppCustoViagemFatec2022.Android.csproj", "{F2C689A4-8A7F-4C6E-B44F-FF5491A6B19B}"
EndProject
Project("{FAE04EC0-301F-11D3-BF4B-00C04F79EFBC}") = "AppCustoViagemFatec2022", "AppCustoViagemFatec2022\AppCustoViagemFatec2022\AppCustoViagemFatec2022.csproj", "{B4EC98EA-8CA2-4B69-99FC-8475B2EA804E}"
EndProject
Global
	GlobalSection(SolutionConfigurationPlatforms) = preSolution
		Debug|Any CPU = Debug|Any CPU
		Release|Any CPU = Release|Any CPU
	EndGlobalSection
	GlobalSection(ProjectConfigurationPlatforms) = postSolution
		{F2C689A4-8A7F-4C6E-B44F-FF5491A6B19B}.Debug|Any CPU.ActiveCfg = Debug|Any CPU
		{F2C689A4-8A7F-4C6E-B44F-FF5491A6B19B}.Debug|Any CPU.Build.0 = Debug|Any CPU
		{F2C689A4-8A7F-4C6E-B44F-FF5491A6B19B}.Debug|Any CPU.Deploy.0 = Debug|Any CPU
		{F2C689A4-8A7F-4C6E-B44F-FF5491A6B19B}.Release|Any CPU.ActiveCfg = Release|Any CPU
		{F2C689A4-8A7F-4C6E-B44F-FF5491A6B19B}.Release|Any CPU.Build.0 = Release|Any CPU
		{F2C689A4-8A7F-4C6E-B44F-FF5491A6B19B}.Release|Any CPU.Deploy.0 = Release|Any CPU
		{B4EC98EA-8CA2-4B69-99FC-8475B2EA804E}.Debug|Any CPU.ActiveCfg = Debug|Any CPU
		{B4EC98EA-8CA2-4B69-99FC-8475B2EA804E}.Debug|Any CPU.Build.0 = Debug|Any CPU
		{B4EC98EA-8CA2-4B69-99FC-8475B2EA804E}.Debug|Any CPU.Deploy.0 = Debug|Any CPU
		{B4EC98EA-8CA2-4B69-99FC-8475B2EA804E}.Release|Any CPU.ActiveCfg = Release|Any CPU
		{B4EC98EA-8CA2-4B69-99FC-8475B2EA804E}.Release|Any CPU.Build.0 = Release|Any CPU
		{B4EC98EA-8CA2-4B69-99FC-8475B2EA804E}.Release|Any CPU.Deploy.0 = Release|Any CPU
	EndGlobalSection
	GlobalSection(SolutionProperties) = preSolution
		HideSolutionNode = FALSE
	EndGlobalSection
	GlobalSection(ExtensibilityGlobals) = postSolution
		SolutionGuid = {095FDA68-64E3-41FF-9356-79247BE4859B}
	EndGlobalSection
EndGlobal
